
Microsoft Visual Studio Solution File, Format Version 12.00
# Visual Studio Version 17
VisualStudioVersion = 17.5.33530.505
MinimumVisualStudioVersion = 10.0.40219.1
Project("{9A19103F-16F7-4668-BE54-9A1E7A4F7556}") = "ChalengeApp", "ChalengeApp\ChalengeApp.csproj", "{76DB711F-12E8-4492-B7F2-888CEBC16CEF}"
EndProject
Project("{FAE04EC0-301F-11D3-BF4B-00C04F79EFBC}") = "ChallengeApp.Test", "ChallengeApp.Test\ChallengeApp.Test.csproj", "{80F78564-FF66-40F9-AE42-2C4F42F73714}"
EndProject
Global
	GlobalSection(SolutionConfigurationPlatforms) = preSolution
		Debug|Any CPU = Debug|Any CPU
		Release|Any CPU = Release|Any CPU
	EndGlobalSection
	GlobalSection(ProjectConfigurationPlatforms) = postSolution
		{76DB711F-12E8-4492-B7F2-888CEBC16CEF}.Debug|Any CPU.ActiveCfg = Debug|Any CPU
		{76DB711F-12E8-4492-B7F2-888CEBC16CEF}.Debug|Any CPU.Build.0 = Debug|Any CPU
		{76DB711F-12E8-4492-B7F2-888CEBC16CEF}.Release|Any CPU.ActiveCfg = Release|Any CPU
		{76DB711F-12E8-4492-B7F2-888CEBC16CEF}.Release|Any CPU.Build.0 = Release|Any CPU
		{80F78564-FF66-40F9-AE42-2C4F42F73714}.Debug|Any CPU.ActiveCfg = Debug|Any CPU
		{80F78564-FF66-40F9-AE42-2C4F42F73714}.Debug|Any CPU.Build.0 = Debug|Any CPU
		{80F78564-FF66-40F9-AE42-2C4F42F73714}.Release|Any CPU.ActiveCfg = Release|Any CPU
		{80F78564-FF66-40F9-AE42-2C4F42F73714}.Release|Any CPU.Build.0 = Release|Any CPU
	EndGlobalSection
	GlobalSection(SolutionProperties) = preSolution
		HideSolutionNode = FALSE
	EndGlobalSection
	GlobalSection(ExtensibilityGlobals) = postSolution
		SolutionGuid = {C5257973-BF61-4098-A0DD-9391A475E709}
	EndGlobalSection
EndGlobal
