
Microsoft Visual Studio Solution File, Format Version 12.00
# Visual Studio Version 17
VisualStudioVersion = 17.5.33530.505
MinimumVisualStudioVersion = 10.0.40219.1
Project("{FAE04EC0-301F-11D3-BF4B-00C04F79EFBC}") = "ChalengeApp", "ChalengeApp\ChalengeApp.csproj", "{1EE3F3B5-7A3F-4774-9CDE-B8B030D602BD}"
EndProject
Global
	GlobalSection(SolutionConfigurationPlatforms) = preSolution
		Debug|Any CPU = Debug|Any CPU
		Release|Any CPU = Release|Any CPU
	EndGlobalSection
	GlobalSection(ProjectConfigurationPlatforms) = postSolution
		{1EE3F3B5-7A3F-4774-9CDE-B8B030D602BD}.Debug|Any CPU.ActiveCfg = Debug|Any CPU
		{1EE3F3B5-7A3F-4774-9CDE-B8B030D602BD}.Debug|Any CPU.Build.0 = Debug|Any CPU
		{1EE3F3B5-7A3F-4774-9CDE-B8B030D602BD}.Release|Any CPU.ActiveCfg = Release|Any CPU
		{1EE3F3B5-7A3F-4774-9CDE-B8B030D602BD}.Release|Any CPU.Build.0 = Release|Any CPU
	EndGlobalSection
	GlobalSection(SolutionProperties) = preSolution
		HideSolutionNode = FALSE
	EndGlobalSection
	GlobalSection(ExtensibilityGlobals) = postSolution
		SolutionGuid = {E53C1CDF-1A17-4160-B5D3-D21C95E4D54A}
	EndGlobalSection
EndGlobal
